// !$*UTF8*$!
{
	archiveVersion = 1;
	classes = {
	};
	objectVersion = 51;
	objects = {

/* Begin PBXBuildFile section */
		34875CBA782AE72E761CE4C0 /* Pods_NewsApp_IGLO.framework in Frameworks */ = {isa = PBXBuildFile; fileRef = D8880B8A23F75B348A0205EE /* Pods_NewsApp_IGLO.framework */; };
		CC3EC4762445833D0052EDD7 /* AppDelegate.swift in Sources */ = {isa = PBXBuildFile; fileRef = CC3EC4752445833D0052EDD7 /* AppDelegate.swift */; };
		CC3EC4782445833D0052EDD7 /* SceneDelegate.swift in Sources */ = {isa = PBXBuildFile; fileRef = CC3EC4772445833D0052EDD7 /* SceneDelegate.swift */; };
		CC3EC47A2445833D0052EDD7 /* ViewController.swift in Sources */ = {isa = PBXBuildFile; fileRef = CC3EC4792445833D0052EDD7 /* ViewController.swift */; };
		CC3EC47F2445833F0052EDD7 /* Assets.xcassets in Resources */ = {isa = PBXBuildFile; fileRef = CC3EC47E2445833F0052EDD7 /* Assets.xcassets */; };
		CC3EC4822445833F0052EDD7 /* LaunchScreen.storyboard in Resources */ = {isa = PBXBuildFile; fileRef = CC3EC4802445833F0052EDD7 /* LaunchScreen.storyboard */; };
		CC3EC48A2445A67F0052EDD7 /* API.swift in Sources */ = {isa = PBXBuildFile; fileRef = CC3EC4892445A67F0052EDD7 /* API.swift */; };
		CC3EC48C2445AB080052EDD7 /* TabViewController.swift in Sources */ = {isa = PBXBuildFile; fileRef = CC3EC48B2445AB080052EDD7 /* TabViewController.swift */; };
		CC3EC48E2445ADB80052EDD7 /* Constant.swift in Sources */ = {isa = PBXBuildFile; fileRef = CC3EC48D2445ADB80052EDD7 /* Constant.swift */; };
/* End PBXBuildFile section */

/* Begin PBXFileReference section */
		2912C9EA2C6FCA697B19CA6C /* Pods-NewsApp IGLO.debug.xcconfig */ = {isa = PBXFileReference; includeInIndex = 1; lastKnownFileType = text.xcconfig; name = "Pods-NewsApp IGLO.debug.xcconfig"; path = "Target Support Files/Pods-NewsApp IGLO/Pods-NewsApp IGLO.debug.xcconfig"; sourceTree = "<group>"; };
		51784050D0FF15E1358E85A7 /* Pods-NewsApp IGLO.release.xcconfig */ = {isa = PBXFileReference; includeInIndex = 1; lastKnownFileType = text.xcconfig; name = "Pods-NewsApp IGLO.release.xcconfig"; path = "Target Support Files/Pods-NewsApp IGLO/Pods-NewsApp IGLO.release.xcconfig"; sourceTree = "<group>"; };
		CC3EC4722445833D0052EDD7 /* NewsApp IGLO.app */ = {isa = PBXFileReference; explicitFileType = wrapper.application; includeInIndex = 0; path = "NewsApp IGLO.app"; sourceTree = BUILT_PRODUCTS_DIR; };
		CC3EC4752445833D0052EDD7 /* AppDelegate.swift */ = {isa = PBXFileReference; lastKnownFileType = sourcecode.swift; path = AppDelegate.swift; sourceTree = "<group>"; };
		CC3EC4772445833D0052EDD7 /* SceneDelegate.swift */ = {isa = PBXFileReference; lastKnownFileType = sourcecode.swift; path = SceneDelegate.swift; sourceTree = "<group>"; };
		CC3EC4792445833D0052EDD7 /* ViewController.swift */ = {isa = PBXFileReference; lastKnownFileType = sourcecode.swift; path = ViewController.swift; sourceTree = "<group>"; };
		CC3EC47E2445833F0052EDD7 /* Assets.xcassets */ = {isa = PBXFileReference; lastKnownFileType = folder.assetcatalog; path = Assets.xcassets; sourceTree = "<group>"; };
		CC3EC4812445833F0052EDD7 /* Base */ = {isa = PBXFileReference; lastKnownFileType = file.storyboard; name = Base; path = Base.lproj/LaunchScreen.storyboard; sourceTree = "<group>"; };
		CC3EC4832445833F0052EDD7 /* Info.plist */ = {isa = PBXFileReference; lastKnownFileType = text.plist.xml; path = Info.plist; sourceTree = "<group>"; };
		CC3EC4892445A67F0052EDD7 /* API.swift */ = {isa = PBXFileReference; lastKnownFileType = sourcecode.swift; path = API.swift; sourceTree = "<group>"; };
		CC3EC48B2445AB080052EDD7 /* TabViewController.swift */ = {isa = PBXFileReference; lastKnownFileType = sourcecode.swift; path = TabViewController.swift; sourceTree = "<group>"; };
		CC3EC48D2445ADB80052EDD7 /* Constant.swift */ = {isa = PBXFileReference; lastKnownFileType = sourcecode.swift; path = Constant.swift; sourceTree = "<group>"; };
		D8880B8A23F75B348A0205EE /* Pods_NewsApp_IGLO.framework */ = {isa = PBXFileReference; explicitFileType = wrapper.framework; includeInIndex = 0; path = Pods_NewsApp_IGLO.framework; sourceTree = BUILT_PRODUCTS_DIR; };
/* End PBXFileReference section */

/* Begin PBXFrameworksBuildPhase section */
		CC3EC46F2445833D0052EDD7 /* Frameworks */ = {
			isa = PBXFrameworksBuildPhase;
			buildActionMask = 2147483647;
			files = (
				34875CBA782AE72E761CE4C0 /* Pods_NewsApp_IGLO.framework in Frameworks */,
			);
			runOnlyForDeploymentPostprocessing = 0;
		};
/* End PBXFrameworksBuildPhase section */

/* Begin PBXGroup section */
		7A50221F78A4D453612177B1 /* Frameworks */ = {
			isa = PBXGroup;
			children = (
				D8880B8A23F75B348A0205EE /* Pods_NewsApp_IGLO.framework */,
			);
			name = Frameworks;
			sourceTree = "<group>";
		};
		CC3EC4692445833D0052EDD7 = {
			isa = PBXGroup;
			children = (
				CC3EC4742445833D0052EDD7 /* NewsApp IGLO */,
				CC3EC4732445833D0052EDD7 /* Products */,
				F0BE6E4D1A200312BE894995 /* Pods */,
				7A50221F78A4D453612177B1 /* Frameworks */,
			);
			sourceTree = "<group>";
		};
		CC3EC4732445833D0052EDD7 /* Products */ = {
			isa = PBXGroup;
			children = (
				CC3EC4722445833D0052EDD7 /* NewsApp IGLO.app */,
			);
			name = Products;
			sourceTree = "<group>";
		};
		CC3EC4742445833D0052EDD7 /* NewsApp IGLO */ = {
			isa = PBXGroup;
			children = (
				CC3EC4752445833D0052EDD7 /* AppDelegate.swift */,
				CC3EC4772445833D0052EDD7 /* SceneDelegate.swift */,
				CC3EC4792445833D0052EDD7 /* ViewController.swift */,
				CC3EC4892445A67F0052EDD7 /* API.swift */,
				CC3EC48D2445ADB80052EDD7 /* Constant.swift */,
				CC3EC47E2445833F0052EDD7 /* Assets.xcassets */,
				CC3EC4802445833F0052EDD7 /* LaunchScreen.storyboard */,
				CC3EC4832445833F0052EDD7 /* Info.plist */,
				CC3EC48B2445AB080052EDD7 /* TabViewController.swift */,
			);
			path = "NewsApp IGLO";
			sourceTree = "<group>";
		};
		F0BE6E4D1A200312BE894995 /* Pods */ = {
			isa = PBXGroup;
			children = (
				2912C9EA2C6FCA697B19CA6C /* Pods-NewsApp IGLO.debug.xcconfig */,
				51784050D0FF15E1358E85A7 /* Pods-NewsApp IGLO.release.xcconfig */,
			);
			path = Pods;
			sourceTree = "<group>";
		};
/* End PBXGroup section */

/* Begin PBXNativeTarget section */
		CC3EC4712445833D0052EDD7 /* NewsApp IGLO */ = {
			isa = PBXNativeTarget;
			buildConfigurationList = CC3EC4862445833F0052EDD7 /* Build configuration list for PBXNativeTarget "NewsApp IGLO" */;
			buildPhases = (
				B0CC7610543F2CA2227556D1 /* [CP] Check Pods Manifest.lock */,
				CC3EC46E2445833D0052EDD7 /* Sources */,
				CC3EC46F2445833D0052EDD7 /* Frameworks */,
				CC3EC4702445833D0052EDD7 /* Resources */,
				6B29480CBD5EC87D4D61884E /* [CP] Embed Pods Frameworks */,
			);
			buildRules = (
			);
			dependencies = (
			);
			name = "NewsApp IGLO";
			productName = "NewsApp IGLO";
			productReference = CC3EC4722445833D0052EDD7 /* NewsApp IGLO.app */;
			productType = "com.apple.product-type.application";
		};
/* End PBXNativeTarget section */

/* Begin PBXProject section */
		CC3EC46A2445833D0052EDD7 /* Project object */ = {
			isa = PBXProject;
			attributes = {
				LastSwiftUpdateCheck = 1130;
				LastUpgradeCheck = 1130;
				ORGANIZATIONNAME = Personal;
				TargetAttributes = {
					CC3EC4712445833D0052EDD7 = {
						CreatedOnToolsVersion = 11.3.1;
					};
				};
			};
			buildConfigurationList = CC3EC46D2445833D0052EDD7 /* Build configuration list for PBXProject "NewsApp IGLO" */;
			compatibilityVersion = "Xcode 9.3";
			developmentRegion = en;
			hasScannedForEncodings = 0;
			knownRegions = (
				en,
				Base,
			);
			mainGroup = CC3EC4692445833D0052EDD7;
			productRefGroup = CC3EC4732445833D0052EDD7 /* Products */;
			projectDirPath = "";
			projectRoot = "";
			targets = (
				CC3EC4712445833D0052EDD7 /* NewsApp IGLO */,
			);
		};
/* End PBXProject section */

/* Begin PBXResourcesBuildPhase section */
		CC3EC4702445833D0052EDD7 /* Resources */ = {
			isa = PBXResourcesBuildPhase;
			buildActionMask = 2147483647;
			files = (
				CC3EC4822445833F0052EDD7 /* LaunchScreen.storyboard in Resources */,
				CC3EC47F2445833F0052EDD7 /* Assets.xcassets in Resources */,
			);
			runOnlyForDeploymentPostprocessing = 0;
		};
/* End PBXResourcesBuildPhase section */

/* Begin PBXShellScriptBuildPhase section */
		6B29480CBD5EC87D4D61884E /* [CP] Embed Pods Frameworks */ = {
			isa = PBXShellScriptBuildPhase;
			buildActionMask = 2147483647;
			files = (
			);
			inputFileListPaths = (
				"${PODS_ROOT}/Target Support Files/Pods-NewsApp IGLO/Pods-NewsApp IGLO-frameworks-${CONFIGURATION}-input-files.xcfilelist",
			);
			name = "[CP] Embed Pods Frameworks";
			outputFileListPaths = (
				"${PODS_ROOT}/Target Support Files/Pods-NewsApp IGLO/Pods-NewsApp IGLO-frameworks-${CONFIGURATION}-output-files.xcfilelist",
			);
			runOnlyForDeploymentPostprocessing = 0;
			shellPath = /bin/sh;
			shellScript = "\"${PODS_ROOT}/Target Support Files/Pods-NewsApp IGLO/Pods-NewsApp IGLO-frameworks.sh\"\n";
			showEnvVarsInLog = 0;
		};
		B0CC7610543F2CA2227556D1 /* [CP] Check Pods Manifest.lock */ = {
			isa = PBXShellScriptBuildPhase;
			buildActionMask = 2147483647;
			files = (
			);
			inputFileListPaths = (
			);
			inputPaths = (
				"${PODS_PODFILE_DIR_PATH}/Podfile.lock",
				"${PODS_ROOT}/Manifest.lock",
			);
			name = "[CP] Check Pods Manifest.lock";
			outputFileListPaths = (
			);
			outputPaths = (
				"$(DERIVED_FILE_DIR)/Pods-NewsApp IGLO-checkManifestLockResult.txt",
			);
			runOnlyForDeploymentPostprocessing = 0;
			shellPath = /bin/sh;
			shellScript = "diff \"${PODS_PODFILE_DIR_PATH}/Podfile.lock\" \"${PODS_ROOT}/Manifest.lock\" > /dev/null\nif [ $? != 0 ] ; then\n    # print error to STDERR\n    echo \"error: The sandbox is not in sync with the Podfile.lock. Run 'pod install' or update your CocoaPods installation.\" >&2\n    exit 1\nfi\n# This output is used by Xcode 'outputs' to avoid re-running this script phase.\necho \"SUCCESS\" > \"${SCRIPT_OUTPUT_FILE_0}\"\n";
			showEnvVarsInLog = 0;
		};
/* End PBXShellScriptBuildPhase section */

/* Begin PBXSourcesBuildPhase section */
		CC3EC46E2445833D0052EDD7 /* Sources */ = {
			isa = PBXSourcesBuildPhase;
			buildActionMask = 2147483647;
			files = (
				CC3EC47A2445833D0052EDD7 /* ViewController.swift in Sources */,
				CC3EC4762445833D0052EDD7 /* AppDelegate.swift in Sources */,
				CC3EC48A2445A67F0052EDD7 /* API.swift in Sources */,
				CC3EC48C2445AB080052EDD7 /* TabViewController.swift in Sources */,
				CC3EC4782445833D0052EDD7 /* SceneDelegate.swift in Sources */,
				CC3EC48E2445ADB80052EDD7 /* Constant.swift in Sources */,
			);
			runOnlyForDeploymentPostprocessing = 0;
		};
/* End PBXSourcesBuildPhase section */

/* Begin PBXVariantGroup section */
		CC3EC4802445833F0052EDD7 /* LaunchScreen.storyboard */ = {
			isa = PBXVariantGroup;
			children = (
				CC3EC4812445833F0052EDD7 /* Base */,
			);
			name = LaunchScreen.storyboard;
			sourceTree = "<group>";
		};
/* End PBXVariantGroup section */

/* Begin XCBuildConfiguration section */
		CC3EC4842445833F0052EDD7 /* Debug */ = {
			isa = XCBuildConfiguration;
			buildSettings = {
				ALWAYS_SEARCH_USER_PATHS = NO;
				CLANG_ANALYZER_NONNULL = YES;
				CLANG_ANALYZER_NUMBER_OBJECT_CONVERSION = YES_AGGRESSIVE;
				CLANG_CXX_LANGUAGE_STANDARD = "gnu++14";
				CLANG_CXX_LIBRARY = "libc++";
				CLANG_ENABLE_MODULES = YES;
				CLANG_ENABLE_OBJC_ARC = YES;
				CLANG_ENABLE_OBJC_WEAK = YES;
				CLANG_WARN_BLOCK_CAPTURE_AUTORELEASING = YES;
				CLANG_WARN_BOOL_CONVERSION = YES;
				CLANG_WARN_COMMA = YES;
				CLANG_WARN_CONSTANT_CONVERSION = YES;
				CLANG_WARN_DEPRECATED_OBJC_IMPLEMENTATIONS = YES;
				CLANG_WARN_DIRECT_OBJC_ISA_USAGE = YES_ERROR;
				CLANG_WARN_DOCUMENTATION_COMMENTS = YES;
				CLANG_WARN_EMPTY_BODY = YES;
				CLANG_WARN_ENUM_CONVERSION = YES;
				CLANG_WARN_INFINITE_RECURSION = YES;
				CLANG_WARN_INT_CONVERSION = YES;
				CLANG_WARN_NON_LITERAL_NULL_CONVERSION = YES;
				CLANG_WARN_OBJC_IMPLICIT_RETAIN_SELF = YES;
				CLANG_WARN_OBJC_LITERAL_CONVERSION = YES;
				CLANG_WARN_OBJC_ROOT_CLASS = YES_ERROR;
				CLANG_WARN_RANGE_LOOP_ANALYSIS = YES;
				CLANG_WARN_STRICT_PROTOTYPES = YES;
				CLANG_WARN_SUSPICIOUS_MOVE = YES;
				CLANG_WARN_UNGUARDED_AVAILABILITY = YES_AGGRESSIVE;
				CLANG_WARN_UNREACHABLE_CODE = YES;
				CLANG_WARN__DUPLICATE_METHOD_MATCH = YES;
				COPY_PHASE_STRIP = NO;
				DEBUG_INFORMATION_FORMAT = dwarf;
				ENABLE_STRICT_OBJC_MSGSEND = YES;
				ENABLE_TESTABILITY = YES;
				GCC_C_LANGUAGE_STANDARD = gnu11;
				GCC_DYNAMIC_NO_PIC = NO;
				GCC_NO_COMMON_BLOCKS = YES;
				GCC_OPTIMIZATION_LEVEL = 0;
				GCC_PREPROCESSOR_DEFINITIONS = (
					"DEBUG=1",
					"$(inherited)",
				);
				GCC_WARN_64_TO_32_BIT_CONVERSION = YES;
				GCC_WARN_ABOUT_RETURN_TYPE = YES_ERROR;
				GCC_WARN_UNDECLARED_SELECTOR = YES;
				GCC_WARN_UNINITIALIZED_AUTOS = YES_AGGRESSIVE;
				GCC_WARN_UNUSED_FUNCTION = YES;
				GCC_WARN_UNUSED_VARIABLE = YES;
				IPHONEOS_DEPLOYMENT_TARGET = 13.2;
				MTL_ENABLE_DEBUG_INFO = INCLUDE_SOURCE;
				MTL_FAST_MATH = YES;
				ONLY_ACTIVE_ARCH = YES;
				SDKROOT = iphoneos;
				SWIFT_ACTIVE_COMPILATION_CONDITIONS = DEBUG;
				SWIFT_OPTIMIZATION_LEVEL = "-Onone";
			};
			name = Debug;
		};
		CC3EC4852445833F0052EDD7 /* Release */ = {
			isa = XCBuildConfiguration;
			buildSettings = {
				ALWAYS_SEARCH_USER_PATHS = NO;
				CLANG_ANALYZER_NONNULL = YES;
				CLANG_ANALYZER_NUMBER_OBJECT_CONVERSION = YES_AGGRESSIVE;
				CLANG_CXX_LANGUAGE_STANDARD = "gnu++14";
				CLANG_CXX_LIBRARY = "libc++";
				CLANG_ENABLE_MODULES = YES;
				CLANG_ENABLE_OBJC_ARC = YES;
				CLANG_ENABLE_OBJC_WEAK = YES;
				CLANG_WARN_BLOCK_CAPTURE_AUTORELEASING = YES;
				CLANG_WARN_BOOL_CONVERSION = YES;
				CLANG_WARN_COMMA = YES;
				CLANG_WARN_CONSTANT_CONVERSION = YES;
				CLANG_WARN_DEPRECATED_OBJC_IMPLEMENTATIONS = YES;
				CLANG_WARN_DIRECT_OBJC_ISA_USAGE = YES_ERROR;
				CLANG_WARN_DOCUMENTATION_COMMENTS = YES;
				CLANG_WARN_EMPTY_BODY = YES;
				CLANG_WARN_ENUM_CONVERSION = YES;
				CLANG_WARN_INFINITE_RECURSION = YES;
				CLANG_WARN_INT_CONVERSION = YES;
				CLANG_WARN_NON_LITERAL_NULL_CONVERSION = YES;
				CLANG_WARN_OBJC_IMPLICIT_RETAIN_SELF = YES;
				CLANG_WARN_OBJC_LITERAL_CONVERSION = YES;
				CLANG_WARN_OBJC_ROOT_CLASS = YES_ERROR;
				CLANG_WARN_RANGE_LOOP_ANALYSIS = YES;
				CLANG_WARN_STRICT_PROTOTYPES = YES;
				CLANG_WARN_SUSPICIOUS_MOVE = YES;
				CLANG_WARN_UNGUARDED_AVAILABILITY = YES_AGGRESSIVE;
				CLANG_WARN_UNREACHABLE_CODE = YES;
				CLANG_WARN__DUPLICATE_METHOD_MATCH = YES;
				COPY_PHASE_STRIP = NO;
				DEBUG_INFORMATION_FORMAT = "dwarf-with-dsym";
				ENABLE_NS_ASSERTIONS = NO;
				ENABLE_STRICT_OBJC_MSGSEND = YES;
				GCC_C_LANGUAGE_STANDARD = gnu11;
				GCC_NO_COMMON_BLOCKS = YES;
				GCC_WARN_64_TO_32_BIT_CONVERSION = YES;
				GCC_WARN_ABOUT_RETURN_TYPE = YES_ERROR;
				GCC_WARN_UNDECLARED_SELECTOR = YES;
				GCC_WARN_UNINITIALIZED_AUTOS = YES_AGGRESSIVE;
				GCC_WARN_UNUSED_FUNCTION = YES;
				GCC_WARN_UNUSED_VARIABLE = YES;
				IPHONEOS_DEPLOYMENT_TARGET = 13.2;
				MTL_ENABLE_DEBUG_INFO = NO;
				MTL_FAST_MATH = YES;
				SDKROOT = iphoneos;
				SWIFT_COMPILATION_MODE = wholemodule;
				SWIFT_OPTIMIZATION_LEVEL = "-O";
				VALIDATE_PRODUCT = YES;
			};
			name = Release;
		};
		CC3EC4872445833F0052EDD7 /* Debug */ = {
			isa = XCBuildConfiguration;
			baseConfigurationReference = 2912C9EA2C6FCA697B19CA6C /* Pods-NewsApp IGLO.debug.xcconfig */;
			buildSettings = {
				ASSETCATALOG_COMPILER_APPICON_NAME = AppIcon;
				CODE_SIGN_STYLE = Automatic;
				DEVELOPMENT_TEAM = C5K4FW28Q2;
				INFOPLIST_FILE = "NewsApp IGLO/Info.plist";
				IPHONEOS_DEPLOYMENT_TARGET = 12.0;
				LD_RUNPATH_SEARCH_PATHS = (
					"$(inherited)",
					"@executable_path/Frameworks",
				);
				PRODUCT_BUNDLE_IDENTIFIER = "com.vebbyclrs.NewsApp-IGLO";
				PRODUCT_NAME = "$(TARGET_NAME)";
				SWIFT_VERSION = 5.0;
				TARGETED_DEVICE_FAMILY = "1,2";
			};
			name = Debug;
		};
		CC3EC4882445833F0052EDD7 /* Release */ = {
			isa = XCBuildConfiguration;
			baseConfigurationReference = 51784050D0FF15E1358E85A7 /* Pods-NewsApp IGLO.release.xcconfig */;
			buildSettings = {
				ASSETCATALOG_COMPILER_APPICON_NAME = AppIcon;
				CODE_SIGN_STYLE = Automatic;
				DEVELOPMENT_TEAM = C5K4FW28Q2;
				INFOPLIST_FILE = "NewsApp IGLO/Info.plist";
				IPHONEOS_DEPLOYMENT_TARGET = 12.0;
				LD_RUNPATH_SEARCH_PATHS = (
					"$(inherited)",
					"@executable_path/Frameworks",
				);
				PRODUCT_BUNDLE_IDENTIFIER = "com.vebbyclrs.NewsApp-IGLO";
				PRODUCT_NAME = "$(TARGET_NAME)";
				SWIFT_VERSION = 5.0;
				TARGETED_DEVICE_FAMILY = "1,2";
			};
			name = Release;
		};
/* End XCBuildConfiguration section */

/* Begin XCConfigurationList section */
		CC3EC46D2445833D0052EDD7 /* Build configuration list for PBXProject "NewsApp IGLO" */ = {
			isa = XCConfigurationList;
			buildConfigurations = (
				CC3EC4842445833F0052EDD7 /* Debug */,
				CC3EC4852445833F0052EDD7 /* Release */,
			);
			defaultConfigurationIsVisible = 0;
			defaultConfigurationName = Release;
		};
		CC3EC4862445833F0052EDD7 /* Build configuration list for PBXNativeTarget "NewsApp IGLO" */ = {
			isa = XCConfigurationList;
			buildConfigurations = (
				CC3EC4872445833F0052EDD7 /* Debug */,
				CC3EC4882445833F0052EDD7 /* Release */,
			);
			defaultConfigurationIsVisible = 0;
			defaultConfigurationName = Release;
		};
/* End XCConfigurationList section */
	};
	rootObject = CC3EC46A2445833D0052EDD7 /* Project object */;
}
